# This file is autogenerated, do not edit; changes may be undone by the next 'dep ensure'.


[[projects]]
  name = "github.com/emicklei/go-restful"
  packages = [".","log"]
  revision = "5741799b275a3c4a5a9623a993576d7545cf7b5c"
  version = "v2.4.0"

[solve-meta]
  analyzer-name = "dep"
  analyzer-version = 1
  inputs-digest = "671db0b9cad9375f46c12f82465997f32fdc3ae3e6a46a3fab62304dcc2e4d3d"
  solver-name = "gps-cdcl"
  solver-version = 1
